
Microsoft Visual Studio Solution File, Format Version 12.00
# Visual Studio 15
Project("{FAE04EC0-301F-11D3-BF4B-00C04F79EFBC}") = "Assembly-CSharp", "Assembly-CSharp.csproj", "{1A6266E1-4412-2325-99B4-6F3C37F345A0}"
EndProject
Project("{FAE04EC0-301F-11D3-BF4B-00C04F79EFBC}") = "Assembly-CSharp-Editor", "Assembly-CSharp-Editor.csproj", "{C24131A2-3E97-F400-DA70-C3FB72344E38}"
EndProject
Global
	GlobalSection(SolutionConfigurationPlatforms) = preSolution
		Debug|Any CPU = Debug|Any CPU
		Release|Any CPU = Release|Any CPU
	EndGlobalSection
	GlobalSection(ProjectConfigurationPlatforms) = postSolution
		{1A6266E1-4412-2325-99B4-6F3C37F345A0}.Debug|Any CPU.ActiveCfg = Debug|Any CPU
		{1A6266E1-4412-2325-99B4-6F3C37F345A0}.Debug|Any CPU.Build.0 = Debug|Any CPU
		{1A6266E1-4412-2325-99B4-6F3C37F345A0}.Release|Any CPU.ActiveCfg = Release|Any CPU
		{1A6266E1-4412-2325-99B4-6F3C37F345A0}.Release|Any CPU.Build.0 = Release|Any CPU
		{C24131A2-3E97-F400-DA70-C3FB72344E38}.Debug|Any CPU.ActiveCfg = Debug|Any CPU
		{C24131A2-3E97-F400-DA70-C3FB72344E38}.Debug|Any CPU.Build.0 = Debug|Any CPU
		{C24131A2-3E97-F400-DA70-C3FB72344E38}.Release|Any CPU.ActiveCfg = Release|Any CPU
		{C24131A2-3E97-F400-DA70-C3FB72344E38}.Release|Any CPU.Build.0 = Release|Any CPU
	EndGlobalSection
	GlobalSection(SolutionProperties) = preSolution
		HideSolutionNode = FALSE
	EndGlobalSection
EndGlobal
